<?xml version="1.0" encoding="utf-8"?>
<Project ToolsVersion="4.0" xmlns="http://schemas.microsoft.com/developer/msbuild/2003">
  <ItemGroup>
    <Filter Include="소스 파일">
      <UniqueIdentifier>{4FC737F1-C7A5-4376-A066-2A32D752A2FF}</UniqueIdentifier>
      <Extensions>cpp;c;cc;cxx;c++;cppm;ixx;def;odl;idl;hpj;bat;asm;asmx</Extensions>
    </Filter>
    <Filter Include="소스 파일\Main">
      <UniqueIdentifier>{536ca1af-89ef-4cff-92d0-ad5382062e0c}</UniqueIdentifier>
    </Filter>
    <Filter Include="소스 파일\Network">
      <UniqueIdentifier>{bfff4f1a-c61c-4145-a9f7-e90f4f5979e3}</UniqueIdentifier>
    </Filter>
    <Filter Include="소스 파일\Utils">
      <UniqueIdentifier>{a8afc86a-2625-46e5-bd87-a287c4d34fb2}</UniqueIdentifier>
    </Filter>
    <Filter Include="소스 파일\Thread">
      <UniqueIdentifier>{0b6c239d-af05-4b0d-bc13-5f54551ac851}</UniqueIdentifier>
    </Filter>
    <Filter Include="메모공간%28빌드제외%29">
      <UniqueIdentifier>{0434ed25-0fca-45be-a44c-bafb88849276}</UniqueIdentifier>
    </Filter>
    <Filter Include="메모공간%28빌드제외%29\Section15%29 MultiThread">
      <UniqueIdentifier>{2e164898-f29f-48bb-9195-0818c899a4bf}</UniqueIdentifier>
    </Filter>
    <Filter Include="메모공간%28빌드제외%29\Section16%29 Network">
      <UniqueIdentifier>{be0da092-c536-4dc1-b8d1-4cd6a4c2c82b}</UniqueIdentifier>
    </Filter>
    <Filter Include="메모공간%28빌드제외%29\Practice">
      <UniqueIdentifier>{c7822110-1380-4f90-b75a-6d78eac90fcc}</UniqueIdentifier>
    </Filter>
  </ItemGroup>
  <ItemGroup>
    <ClCompile Include="pch.cpp">
      <Filter>소스 파일\Main</Filter>
    </ClCompile>
    <ClCompile Include="CoreGlobal.cpp">
      <Filter>소스 파일\Main</Filter>
    </ClCompile>
    <ClCompile Include="CoreMacro.cpp">
      <Filter>소스 파일\Main</Filter>
    </ClCompile>
    <ClCompile Include="CorePch.cpp">
      <Filter>소스 파일\Main</Filter>
    </ClCompile>
    <ClCompile Include="CoreTLS.cpp">
      <Filter>소스 파일\Main</Filter>
    </ClCompile>
    <ClCompile Include="ThreadManager.cpp">
      <Filter>소스 파일\Thread</Filter>
    </ClCompile>
    <ClCompile Include="TestMain.cpp">
      <Filter>소스 파일\Main</Filter>
    </ClCompile>
    <ClCompile Include="01.standard_thread.cpp">
      <Filter>메모공간%28빌드제외%29\Section15%29 MultiThread</Filter>
    </ClCompile>
    <ClCompile Include="02.cpu_pipeline.cpp">
      <Filter>메모공간%28빌드제외%29\Section15%29 MultiThread</Filter>
    </ClCompile>
    <ClCompile Include="01_1.socket_programming_client.cpp">
      <Filter>메모공간%28빌드제외%29\Section16%29 Network</Filter>
    </ClCompile>
    <ClCompile Include="01_2.socket_programming_server.cpp">
      <Filter>메모공간%28빌드제외%29\Section16%29 Network</Filter>
    </ClCompile>
    <ClCompile Include="03.thread_synchronization.cpp">
      <Filter>메모공간%28빌드제외%29\Section15%29 MultiThread</Filter>
    </ClCompile>
    <ClCompile Include="02.cpu_schedule.cpp">
      <Filter>메모공간%28빌드제외%29\Section15%29 MultiThread</Filter>
    </ClCompile>
    <ClCompile Include="PracticeWorkStation.cpp">
      <Filter>메모공간%28빌드제외%29\Practice</Filter>
    </ClCompile>
    <ClCompile Include="04.Event_Conditional_Variable.cpp">
      <Filter>메모공간%28빌드제외%29\Section15%29 MultiThread</Filter>
    </ClCompile>
    <ClCompile Include="05.SmartPointer.cpp">
      <Filter>메모공간%28빌드제외%29\Section15%29 MultiThread</Filter>
    </ClCompile>
    <ClCompile Include="00.NetworkBaseKnowledge.cpp">
      <Filter>메모공간%28빌드제외%29\Section16%29 Network</Filter>
    </ClCompile>
  </ItemGroup>
  <ItemGroup>
    <ClInclude Include="pch.h">
      <Filter>소스 파일\Main</Filter>
    </ClInclude>
    <ClInclude Include="Types.h">
      <Filter>소스 파일\Main</Filter>
    </ClInclude>
    <ClInclude Include="CoreTLS.h">
      <Filter>소스 파일\Main</Filter>
    </ClInclude>
    <ClInclude Include="CoreGlobal.h">
      <Filter>소스 파일\Main</Filter>
    </ClInclude>
    <ClInclude Include="CoreMacro.h">
      <Filter>소스 파일\Main</Filter>
    </ClInclude>
    <ClInclude Include="CorePch.h">
      <Filter>소스 파일\Main</Filter>
    </ClInclude>
    <ClInclude Include="TestMain.h">
      <Filter>소스 파일\Main</Filter>
    </ClInclude>
    <ClInclude Include="ThreadManager.h">
      <Filter>소스 파일\Thread</Filter>
    </ClInclude>
  </ItemGroup>
</Project>