
Microsoft Visual Studio Solution File, Format Version 12.00
# Visual Studio Version 17
Project("{8BC9CEB8-8B4A-11D0-8D11-00A0C91BC942}") = "tcp_server_02", "tcp_server_02.vcxproj", "{C3389716-2FF9-124D-F833-5CCA64B35729}"
EndProject
Global
	GlobalSection(SolutionConfigurationPlatforms) = preSolution
		Debug|x64 = Debug|x64
		Release|x64 = Release|x64
	EndGlobalSection
	GlobalSection(ProjectConfigurationPlatforms) = postSolution
		{C3389716-2FF9-124D-F833-5CCA64B35729}.Debug|x64.ActiveCfg = Debug|x64
		{C3389716-2FF9-124D-F833-5CCA64B35729}.Debug|x64.Build.0 = Debug|x64
		{C3389716-2FF9-124D-F833-5CCA64B35729}.Release|x64.ActiveCfg = Release|x64
		{C3389716-2FF9-124D-F833-5CCA64B35729}.Release|x64.Build.0 = Release|x64
	EndGlobalSection
	GlobalSection(SolutionProperties) = preSolution
		HideSolutionNode = FALSE
	EndGlobalSection
EndGlobal
